
Microsoft Visual Studio Solution File, Format Version 12.00
# Visual Studio Version 18
VisualStudioVersion = 18.0.11222.15
MinimumVisualStudioVersion = 10.0.40219.1
Project("{11A8DD76-328B-46DF-9F39-F559912D0360}") = "RoomSensor", "src\devices\RoomSensor\RoomSensor.nfproj", "{BA57C470-56B2-46AF-B809-E937E459D091}"
EndProject
Project("{11A8DD76-328B-46DF-9F39-F559912D0360}") = "OvenControl", "src\devices\OvenControl\OvenControl.nfproj", "{11363D1E-9A2D-4F08-95AD-66380E04AFDB}"
EndProject
Project("{11A8DD76-328B-46DF-9F39-F559912D0360}") = "IrrigationControl", "src\devices\IrrigationControl\IrrigationControl.nfproj", "{924B4A7F-71BD-40B6-9F0D-F873FB9B6C17}"
EndProject
Project("{11A8DD76-328B-46DF-9F39-F559912D0360}") = "RainwaterCistern", "src\devices\RainwaterCistern\RainwaterCistern.nfproj", "{B6795969-3492-4D7A-B446-15F75401819B}"
EndProject
Project("{2150E333-8FDC-42A3-9474-1A3956D46DE8}") = "src", "src", "{67FFADAC-2DC0-4FC6-AA56-19DC7CBB2DB9}"
EndProject
Project("{2150E333-8FDC-42A3-9474-1A3956D46DE8}") = "devices", "devices", "{9A5794B3-0385-40A0-8367-5C8F315EFDFC}"
EndProject
Project("{11A8DD76-328B-46DF-9F39-F559912D0360}") = "WifiCheck", "src\integrationTests\WifiCheck\WifiCheck.nfproj", "{7CFEE518-B179-4E74-9050-63D1895AB977}"
EndProject
Project("{11A8DD76-328B-46DF-9F39-F559912D0360}") = "MqttCheck", "src\integrationTests\MqttCheck\MqttCheck.nfproj", "{50084CB2-3648-44B6-92C6-91D81E38530F}"
EndProject
Project("{11A8DD76-328B-46DF-9F39-F559912D0360}") = "MqttReconnectCheck", "src\integrationTests\MqttReconnectCheck\MqttReconnectCheck.nfproj", "{4B91C7D2-63AE-49F5-8D0C-1F2B7A6E5C84}"
EndProject
Project("{11A8DD76-328B-46DF-9F39-F559912D0360}") = "HomieClientCheck", "src\integrationTests\HomieClientCheck\HomieClientCheck.nfproj", "{9E5F21AB-70C4-4D38-B1A6-5C83F27D9014}"
EndProject
Project("{11A8DD76-328B-46DF-9F39-F559912D0360}") = "Bmp280Check", "src\integrationTests\Bmp280Check\Bmp280Check.nfproj", "{132A82F8-43B9-4E5D-8360-F107404D4E50}"
EndProject
Project("{2150E333-8FDC-42A3-9474-1A3956D46DE8}") = "common", "common", "{3787F1EA-8995-47B8-B281-952F9D2E5428}"
EndProject
Project("{11A8DD76-328B-46DF-9F39-F559912D0360}") = "Homie", "src\common\Homie\Homie.nfproj", "{6816B6FD-EDB1-4314-8F7B-DE6331FCBB15}"
EndProject
Project("{11A8DD76-328B-46DF-9F39-F559912D0360}") = "Mqtt", "src\common\Mqtt\Mqtt.nfproj", "{7D2A6F13-58C9-4B0E-9A41-3C6D8E2B5F70}"
EndProject
Project("{11A8DD76-328B-46DF-9F39-F559912D0360}") = "Networking", "src\common\Networking\Networking.nfproj", "{8C3D5A19-4F62-4B7E-9C10-2E5A7D6B4F31}"
EndProject
Project("{11A8DD76-328B-46DF-9F39-F559912D0360}") = "TestSupport", "src\integrationTests\TestSupport\TestSupport.nfproj", "{F4E364BA-F499-4EAB-A72D-0FE80423F465}"
EndProject
Project("{2150E333-8FDC-42A3-9474-1A3956D46DE8}") = "integrationTests", "integrationTests", "{2E8B3C41-7F5D-4A9E-B6C2-0D1A5F3E9C74}"
EndProject
Project("{2150E333-8FDC-42A3-9474-1A3956D46DE8}") = "tests", "tests", "{CB660CC9-15A1-417F-A137-17D443DDD183}"
EndProject
Project("{11A8DD76-328B-46DF-9F39-F559912D0360}") = "Unit", "src\tests\Unit\Unit.nfproj", "{3DB6F529-DCCE-4845-9FE8-3E074A4D8A0D}"
EndProject
Project("{11A8DD76-328B-46DF-9F39-F559912D0360}") = "Text", "src\common\Text\Text.nfproj", "{F81AF571-B647-4F7C-B6E0-3A18BFB83262}"
EndProject
Global
	GlobalSection(SolutionConfigurationPlatforms) = preSolution
		Debug|Any CPU = Debug|Any CPU
		Release|Any CPU = Release|Any CPU
	EndGlobalSection
	GlobalSection(ProjectConfigurationPlatforms) = postSolution
		{BA57C470-56B2-46AF-B809-E937E459D091}.Debug|Any CPU.ActiveCfg = Debug|Any CPU
		{BA57C470-56B2-46AF-B809-E937E459D091}.Debug|Any CPU.Build.0 = Debug|Any CPU
		{BA57C470-56B2-46AF-B809-E937E459D091}.Debug|Any CPU.Deploy.0 = Debug|Any CPU
		{BA57C470-56B2-46AF-B809-E937E459D091}.Release|Any CPU.ActiveCfg = Release|Any CPU
		{BA57C470-56B2-46AF-B809-E937E459D091}.Release|Any CPU.Build.0 = Release|Any CPU
		{BA57C470-56B2-46AF-B809-E937E459D091}.Release|Any CPU.Deploy.0 = Release|Any CPU
		{B6795969-3492-4D7A-B446-15F75401819B}.Debug|Any CPU.ActiveCfg = Debug|Any CPU
		{B6795969-3492-4D7A-B446-15F75401819B}.Debug|Any CPU.Build.0 = Debug|Any CPU
		{B6795969-3492-4D7A-B446-15F75401819B}.Debug|Any CPU.Deploy.0 = Debug|Any CPU
		{B6795969-3492-4D7A-B446-15F75401819B}.Release|Any CPU.ActiveCfg = Release|Any CPU
		{B6795969-3492-4D7A-B446-15F75401819B}.Release|Any CPU.Build.0 = Release|Any CPU
		{B6795969-3492-4D7A-B446-15F75401819B}.Release|Any CPU.Deploy.0 = Release|Any CPU
		{11363D1E-9A2D-4F08-95AD-66380E04AFDB}.Debug|Any CPU.ActiveCfg = Debug|Any CPU
		{11363D1E-9A2D-4F08-95AD-66380E04AFDB}.Debug|Any CPU.Build.0 = Debug|Any CPU
		{11363D1E-9A2D-4F08-95AD-66380E04AFDB}.Debug|Any CPU.Deploy.0 = Debug|Any CPU
		{11363D1E-9A2D-4F08-95AD-66380E04AFDB}.Release|Any CPU.ActiveCfg = Release|Any CPU
		{11363D1E-9A2D-4F08-95AD-66380E04AFDB}.Release|Any CPU.Build.0 = Release|Any CPU
		{11363D1E-9A2D-4F08-95AD-66380E04AFDB}.Release|Any CPU.Deploy.0 = Release|Any CPU
		{924B4A7F-71BD-40B6-9F0D-F873FB9B6C17}.Debug|Any CPU.ActiveCfg = Debug|Any CPU
		{924B4A7F-71BD-40B6-9F0D-F873FB9B6C17}.Debug|Any CPU.Build.0 = Debug|Any CPU
		{924B4A7F-71BD-40B6-9F0D-F873FB9B6C17}.Debug|Any CPU.Deploy.0 = Debug|Any CPU
		{924B4A7F-71BD-40B6-9F0D-F873FB9B6C17}.Release|Any CPU.ActiveCfg = Release|Any CPU
		{924B4A7F-71BD-40B6-9F0D-F873FB9B6C17}.Release|Any CPU.Build.0 = Release|Any CPU
		{924B4A7F-71BD-40B6-9F0D-F873FB9B6C17}.Release|Any CPU.Deploy.0 = Release|Any CPU
		{7CFEE518-B179-4E74-9050-63D1895AB977}.Debug|Any CPU.ActiveCfg = Debug|Any CPU
		{7CFEE518-B179-4E74-9050-63D1895AB977}.Debug|Any CPU.Build.0 = Debug|Any CPU
		{7CFEE518-B179-4E74-9050-63D1895AB977}.Debug|Any CPU.Deploy.0 = Debug|Any CPU
		{7CFEE518-B179-4E74-9050-63D1895AB977}.Release|Any CPU.ActiveCfg = Release|Any CPU
		{7CFEE518-B179-4E74-9050-63D1895AB977}.Release|Any CPU.Build.0 = Release|Any CPU
		{7CFEE518-B179-4E74-9050-63D1895AB977}.Release|Any CPU.Deploy.0 = Release|Any CPU
		{9E5F21AB-70C4-4D38-B1A6-5C83F27D9014}.Debug|Any CPU.ActiveCfg = Debug|Any CPU
		{9E5F21AB-70C4-4D38-B1A6-5C83F27D9014}.Debug|Any CPU.Build.0 = Debug|Any CPU
		{9E5F21AB-70C4-4D38-B1A6-5C83F27D9014}.Debug|Any CPU.Deploy.0 = Debug|Any CPU
		{9E5F21AB-70C4-4D38-B1A6-5C83F27D9014}.Release|Any CPU.ActiveCfg = Release|Any CPU
		{9E5F21AB-70C4-4D38-B1A6-5C83F27D9014}.Release|Any CPU.Build.0 = Release|Any CPU
		{9E5F21AB-70C4-4D38-B1A6-5C83F27D9014}.Release|Any CPU.Deploy.0 = Release|Any CPU
		{4B91C7D2-63AE-49F5-8D0C-1F2B7A6E5C84}.Debug|Any CPU.ActiveCfg = Debug|Any CPU
		{4B91C7D2-63AE-49F5-8D0C-1F2B7A6E5C84}.Debug|Any CPU.Build.0 = Debug|Any CPU
		{4B91C7D2-63AE-49F5-8D0C-1F2B7A6E5C84}.Debug|Any CPU.Deploy.0 = Debug|Any CPU
		{4B91C7D2-63AE-49F5-8D0C-1F2B7A6E5C84}.Release|Any CPU.ActiveCfg = Release|Any CPU
		{4B91C7D2-63AE-49F5-8D0C-1F2B7A6E5C84}.Release|Any CPU.Build.0 = Release|Any CPU
		{4B91C7D2-63AE-49F5-8D0C-1F2B7A6E5C84}.Release|Any CPU.Deploy.0 = Release|Any CPU
		{50084CB2-3648-44B6-92C6-91D81E38530F}.Debug|Any CPU.ActiveCfg = Debug|Any CPU
		{50084CB2-3648-44B6-92C6-91D81E38530F}.Debug|Any CPU.Build.0 = Debug|Any CPU
		{50084CB2-3648-44B6-92C6-91D81E38530F}.Debug|Any CPU.Deploy.0 = Debug|Any CPU
		{50084CB2-3648-44B6-92C6-91D81E38530F}.Release|Any CPU.ActiveCfg = Release|Any CPU
		{50084CB2-3648-44B6-92C6-91D81E38530F}.Release|Any CPU.Build.0 = Release|Any CPU
		{50084CB2-3648-44B6-92C6-91D81E38530F}.Release|Any CPU.Deploy.0 = Release|Any CPU
		{132A82F8-43B9-4E5D-8360-F107404D4E50}.Debug|Any CPU.ActiveCfg = Debug|Any CPU
		{132A82F8-43B9-4E5D-8360-F107404D4E50}.Debug|Any CPU.Build.0 = Debug|Any CPU
		{132A82F8-43B9-4E5D-8360-F107404D4E50}.Debug|Any CPU.Deploy.0 = Debug|Any CPU
		{132A82F8-43B9-4E5D-8360-F107404D4E50}.Release|Any CPU.ActiveCfg = Release|Any CPU
		{132A82F8-43B9-4E5D-8360-F107404D4E50}.Release|Any CPU.Build.0 = Release|Any CPU
		{132A82F8-43B9-4E5D-8360-F107404D4E50}.Release|Any CPU.Deploy.0 = Release|Any CPU
		{8C3D5A19-4F62-4B7E-9C10-2E5A7D6B4F31}.Debug|Any CPU.ActiveCfg = Debug|Any CPU
		{8C3D5A19-4F62-4B7E-9C10-2E5A7D6B4F31}.Debug|Any CPU.Build.0 = Debug|Any CPU
		{8C3D5A19-4F62-4B7E-9C10-2E5A7D6B4F31}.Debug|Any CPU.Deploy.0 = Debug|Any CPU
		{8C3D5A19-4F62-4B7E-9C10-2E5A7D6B4F31}.Release|Any CPU.ActiveCfg = Release|Any CPU
		{8C3D5A19-4F62-4B7E-9C10-2E5A7D6B4F31}.Release|Any CPU.Build.0 = Release|Any CPU
		{8C3D5A19-4F62-4B7E-9C10-2E5A7D6B4F31}.Release|Any CPU.Deploy.0 = Release|Any CPU
		{7D2A6F13-58C9-4B0E-9A41-3C6D8E2B5F70}.Debug|Any CPU.ActiveCfg = Debug|Any CPU
		{7D2A6F13-58C9-4B0E-9A41-3C6D8E2B5F70}.Debug|Any CPU.Build.0 = Debug|Any CPU
		{7D2A6F13-58C9-4B0E-9A41-3C6D8E2B5F70}.Debug|Any CPU.Deploy.0 = Debug|Any CPU
		{7D2A6F13-58C9-4B0E-9A41-3C6D8E2B5F70}.Release|Any CPU.ActiveCfg = Release|Any CPU
		{7D2A6F13-58C9-4B0E-9A41-3C6D8E2B5F70}.Release|Any CPU.Build.0 = Release|Any CPU
		{7D2A6F13-58C9-4B0E-9A41-3C6D8E2B5F70}.Release|Any CPU.Deploy.0 = Release|Any CPU
		{6816B6FD-EDB1-4314-8F7B-DE6331FCBB15}.Debug|Any CPU.ActiveCfg = Debug|Any CPU
		{6816B6FD-EDB1-4314-8F7B-DE6331FCBB15}.Debug|Any CPU.Build.0 = Debug|Any CPU
		{6816B6FD-EDB1-4314-8F7B-DE6331FCBB15}.Debug|Any CPU.Deploy.0 = Debug|Any CPU
		{6816B6FD-EDB1-4314-8F7B-DE6331FCBB15}.Release|Any CPU.ActiveCfg = Release|Any CPU
		{6816B6FD-EDB1-4314-8F7B-DE6331FCBB15}.Release|Any CPU.Build.0 = Release|Any CPU
		{6816B6FD-EDB1-4314-8F7B-DE6331FCBB15}.Release|Any CPU.Deploy.0 = Release|Any CPU
		{F4E364BA-F499-4EAB-A72D-0FE80423F465}.Debug|Any CPU.ActiveCfg = Debug|Any CPU
		{F4E364BA-F499-4EAB-A72D-0FE80423F465}.Debug|Any CPU.Build.0 = Debug|Any CPU
		{F4E364BA-F499-4EAB-A72D-0FE80423F465}.Debug|Any CPU.Deploy.0 = Debug|Any CPU
		{F4E364BA-F499-4EAB-A72D-0FE80423F465}.Release|Any CPU.ActiveCfg = Release|Any CPU
		{F4E364BA-F499-4EAB-A72D-0FE80423F465}.Release|Any CPU.Build.0 = Release|Any CPU
		{F4E364BA-F499-4EAB-A72D-0FE80423F465}.Release|Any CPU.Deploy.0 = Release|Any CPU
		{3DB6F529-DCCE-4845-9FE8-3E074A4D8A0D}.Debug|Any CPU.ActiveCfg = Debug|Any CPU
		{3DB6F529-DCCE-4845-9FE8-3E074A4D8A0D}.Debug|Any CPU.Build.0 = Debug|Any CPU
		{3DB6F529-DCCE-4845-9FE8-3E074A4D8A0D}.Debug|Any CPU.Deploy.0 = Debug|Any CPU
		{3DB6F529-DCCE-4845-9FE8-3E074A4D8A0D}.Release|Any CPU.ActiveCfg = Release|Any CPU
		{3DB6F529-DCCE-4845-9FE8-3E074A4D8A0D}.Release|Any CPU.Build.0 = Release|Any CPU
		{3DB6F529-DCCE-4845-9FE8-3E074A4D8A0D}.Release|Any CPU.Deploy.0 = Release|Any CPU
		{F81AF571-B647-4F7C-B6E0-3A18BFB83262}.Debug|Any CPU.ActiveCfg = Debug|Any CPU
		{F81AF571-B647-4F7C-B6E0-3A18BFB83262}.Debug|Any CPU.Build.0 = Debug|Any CPU
		{F81AF571-B647-4F7C-B6E0-3A18BFB83262}.Debug|Any CPU.Deploy.0 = Debug|Any CPU
		{F81AF571-B647-4F7C-B6E0-3A18BFB83262}.Release|Any CPU.ActiveCfg = Release|Any CPU
		{F81AF571-B647-4F7C-B6E0-3A18BFB83262}.Release|Any CPU.Build.0 = Release|Any CPU
		{F81AF571-B647-4F7C-B6E0-3A18BFB83262}.Release|Any CPU.Deploy.0 = Release|Any CPU
	EndGlobalSection
	GlobalSection(SolutionProperties) = preSolution
		HideSolutionNode = FALSE
	EndGlobalSection
	GlobalSection(NestedProjects) = preSolution
		{BA57C470-56B2-46AF-B809-E937E459D091} = {9A5794B3-0385-40A0-8367-5C8F315EFDFC}
		{B6795969-3492-4D7A-B446-15F75401819B} = {9A5794B3-0385-40A0-8367-5C8F315EFDFC}
		{11363D1E-9A2D-4F08-95AD-66380E04AFDB} = {9A5794B3-0385-40A0-8367-5C8F315EFDFC}
		{924B4A7F-71BD-40B6-9F0D-F873FB9B6C17} = {9A5794B3-0385-40A0-8367-5C8F315EFDFC}
		{9A5794B3-0385-40A0-8367-5C8F315EFDFC} = {67FFADAC-2DC0-4FC6-AA56-19DC7CBB2DB9}
		{7CFEE518-B179-4E74-9050-63D1895AB977} = {2E8B3C41-7F5D-4A9E-B6C2-0D1A5F3E9C74}
		{50084CB2-3648-44B6-92C6-91D81E38530F} = {2E8B3C41-7F5D-4A9E-B6C2-0D1A5F3E9C74}
		{4B91C7D2-63AE-49F5-8D0C-1F2B7A6E5C84} = {2E8B3C41-7F5D-4A9E-B6C2-0D1A5F3E9C74}
		{9E5F21AB-70C4-4D38-B1A6-5C83F27D9014} = {2E8B3C41-7F5D-4A9E-B6C2-0D1A5F3E9C74}
		{132A82F8-43B9-4E5D-8360-F107404D4E50} = {2E8B3C41-7F5D-4A9E-B6C2-0D1A5F3E9C74}
		{3787F1EA-8995-47B8-B281-952F9D2E5428} = {67FFADAC-2DC0-4FC6-AA56-19DC7CBB2DB9}
		{8C3D5A19-4F62-4B7E-9C10-2E5A7D6B4F31} = {3787F1EA-8995-47B8-B281-952F9D2E5428}
		{6816B6FD-EDB1-4314-8F7B-DE6331FCBB15} = {3787F1EA-8995-47B8-B281-952F9D2E5428}
		{7D2A6F13-58C9-4B0E-9A41-3C6D8E2B5F70} = {3787F1EA-8995-47B8-B281-952F9D2E5428}
		{F4E364BA-F499-4EAB-A72D-0FE80423F465} = {2E8B3C41-7F5D-4A9E-B6C2-0D1A5F3E9C74}
		{2E8B3C41-7F5D-4A9E-B6C2-0D1A5F3E9C74} = {67FFADAC-2DC0-4FC6-AA56-19DC7CBB2DB9}
		{CB660CC9-15A1-417F-A137-17D443DDD183} = {67FFADAC-2DC0-4FC6-AA56-19DC7CBB2DB9}
		{3DB6F529-DCCE-4845-9FE8-3E074A4D8A0D} = {CB660CC9-15A1-417F-A137-17D443DDD183}
		{F81AF571-B647-4F7C-B6E0-3A18BFB83262} = {3787F1EA-8995-47B8-B281-952F9D2E5428}
	EndGlobalSection
	GlobalSection(ExtensibilityGlobals) = postSolution
		SolutionGuid = {C81F4631-4324-4719-8A6D-ECCF3C66DD0B}
	EndGlobalSection
EndGlobal
